
Microsoft Visual Studio Solution File, Format Version 12.00
# Visual Studio Version 17
VisualStudioVersion = 17.0.33801.228
MinimumVisualStudioVersion = 10.0.40219.1
Project("{2150E333-8FDC-42A3-9474-1A3956D46DE8}") = "apps", "apps", "{0476566F-B83A-49FB-917D-8EDCDFF8FE07}"
EndProject
Project("{2150E333-8FDC-42A3-9474-1A3956D46DE8}") = "HubSupplier", "HubSupplier", "{690E9CE3-F8D0-4D47-8CB0-27B56EF3AE57}"
EndProject
Project("{2150E333-8FDC-42A3-9474-1A3956D46DE8}") = "Backend", "Backend", "{1DD8E42F-5563-4B85-B345-DB8D5B8AB878}"
EndProject
Project("{9A19103F-16F7-4668-BE54-9A1E7A4F7556}") = "Backend", "apps\HubSupplier\Backend\Backend.csproj", "{E7E40C0C-9BB0-4F05-A9EA-7CF2284FEC99}"
EndProject
Project("{2150E333-8FDC-42A3-9474-1A3956D46DE8}") = "src", "src", "{64D25DC6-A393-453E-9968-A694D6FDEDE9}"
EndProject
Project("{2150E333-8FDC-42A3-9474-1A3956D46DE8}") = "Shared", "Shared", "{B1CA2FEE-32D3-402D-B7AC-4C195B75555E}"
EndProject
Project("{FAE04EC0-301F-11D3-BF4B-00C04F79EFBC}") = "Shared", "src\Shared\Shared.csproj", "{F0BE13A8-06E2-4798-9DCA-C8834E2F48F9}"
EndProject
Project("{2150E333-8FDC-42A3-9474-1A3956D46DE8}") = "HubSupplier", "HubSupplier", "{8208ADF4-E080-4E72-B036-64CC30829EB1}"
EndProject
Project("{FAE04EC0-301F-11D3-BF4B-00C04F79EFBC}") = "HubSupplier", "src\HubSupplier\HubSupplier.csproj", "{DBEA2F3D-86BA-4787-95A0-59F27830C89F}"
EndProject
Project("{2150E333-8FDC-42A3-9474-1A3956D46DE8}") = "test", "test", "{48F08DCE-6D57-4DFB-8A7C-9FEFF564DD34}"
EndProject
Project("{2150E333-8FDC-42A3-9474-1A3956D46DE8}") = "apps", "apps", "{A662D1D4-7B75-4BDB-BFE1-130CD8401B69}"
EndProject
Project("{2150E333-8FDC-42A3-9474-1A3956D46DE8}") = "src", "src", "{E4C1C98F-C962-4D34-8158-AC06A8336EAC}"
EndProject
Project("{FAE04EC0-301F-11D3-BF4B-00C04F79EFBC}") = "HubSupplier", "test\apps\HubSupplier\HubSupplier.csproj", "{9A721C9C-8707-47DF-9924-28DF692E0D31}"
EndProject
Project("{FAE04EC0-301F-11D3-BF4B-00C04F79EFBC}") = "Shared", "test\src\Shared\Shared.csproj", "{06DA2BD1-89F8-4863-86B4-8ABF238FDCCA}"
EndProject
Project("{FAE04EC0-301F-11D3-BF4B-00C04F79EFBC}") = "HubSupplier", "test\src\HubSupplier\HubSupplier.csproj", "{D9768B2E-ECB4-4EA5-AAB3-BC5EA4230B77}"
EndProject
Global
	GlobalSection(SolutionConfigurationPlatforms) = preSolution
		Debug|Any CPU = Debug|Any CPU
		Release|Any CPU = Release|Any CPU
	EndGlobalSection
	GlobalSection(ProjectConfigurationPlatforms) = postSolution
		{E7E40C0C-9BB0-4F05-A9EA-7CF2284FEC99}.Debug|Any CPU.ActiveCfg = Debug|Any CPU
		{E7E40C0C-9BB0-4F05-A9EA-7CF2284FEC99}.Debug|Any CPU.Build.0 = Debug|Any CPU
		{E7E40C0C-9BB0-4F05-A9EA-7CF2284FEC99}.Release|Any CPU.ActiveCfg = Release|Any CPU
		{E7E40C0C-9BB0-4F05-A9EA-7CF2284FEC99}.Release|Any CPU.Build.0 = Release|Any CPU
		{F0BE13A8-06E2-4798-9DCA-C8834E2F48F9}.Debug|Any CPU.ActiveCfg = Debug|Any CPU
		{F0BE13A8-06E2-4798-9DCA-C8834E2F48F9}.Debug|Any CPU.Build.0 = Debug|Any CPU
		{F0BE13A8-06E2-4798-9DCA-C8834E2F48F9}.Release|Any CPU.ActiveCfg = Release|Any CPU
		{F0BE13A8-06E2-4798-9DCA-C8834E2F48F9}.Release|Any CPU.Build.0 = Release|Any CPU
		{DBEA2F3D-86BA-4787-95A0-59F27830C89F}.Debug|Any CPU.ActiveCfg = Debug|Any CPU
		{DBEA2F3D-86BA-4787-95A0-59F27830C89F}.Debug|Any CPU.Build.0 = Debug|Any CPU
		{DBEA2F3D-86BA-4787-95A0-59F27830C89F}.Release|Any CPU.ActiveCfg = Release|Any CPU
		{DBEA2F3D-86BA-4787-95A0-59F27830C89F}.Release|Any CPU.Build.0 = Release|Any CPU
		{9A721C9C-8707-47DF-9924-28DF692E0D31}.Debug|Any CPU.ActiveCfg = Debug|Any CPU
		{9A721C9C-8707-47DF-9924-28DF692E0D31}.Debug|Any CPU.Build.0 = Debug|Any CPU
		{9A721C9C-8707-47DF-9924-28DF692E0D31}.Release|Any CPU.ActiveCfg = Release|Any CPU
		{9A721C9C-8707-47DF-9924-28DF692E0D31}.Release|Any CPU.Build.0 = Release|Any CPU
		{06DA2BD1-89F8-4863-86B4-8ABF238FDCCA}.Debug|Any CPU.ActiveCfg = Debug|Any CPU
		{06DA2BD1-89F8-4863-86B4-8ABF238FDCCA}.Debug|Any CPU.Build.0 = Debug|Any CPU
		{06DA2BD1-89F8-4863-86B4-8ABF238FDCCA}.Release|Any CPU.ActiveCfg = Release|Any CPU
		{06DA2BD1-89F8-4863-86B4-8ABF238FDCCA}.Release|Any CPU.Build.0 = Release|Any CPU
		{D9768B2E-ECB4-4EA5-AAB3-BC5EA4230B77}.Debug|Any CPU.ActiveCfg = Debug|Any CPU
		{D9768B2E-ECB4-4EA5-AAB3-BC5EA4230B77}.Debug|Any CPU.Build.0 = Debug|Any CPU
		{D9768B2E-ECB4-4EA5-AAB3-BC5EA4230B77}.Release|Any CPU.ActiveCfg = Release|Any CPU
		{D9768B2E-ECB4-4EA5-AAB3-BC5EA4230B77}.Release|Any CPU.Build.0 = Release|Any CPU
	EndGlobalSection
	GlobalSection(SolutionProperties) = preSolution
		HideSolutionNode = FALSE
	EndGlobalSection
	GlobalSection(NestedProjects) = preSolution
		{690E9CE3-F8D0-4D47-8CB0-27B56EF3AE57} = {0476566F-B83A-49FB-917D-8EDCDFF8FE07}
		{1DD8E42F-5563-4B85-B345-DB8D5B8AB878} = {690E9CE3-F8D0-4D47-8CB0-27B56EF3AE57}
		{E7E40C0C-9BB0-4F05-A9EA-7CF2284FEC99} = {1DD8E42F-5563-4B85-B345-DB8D5B8AB878}
		{B1CA2FEE-32D3-402D-B7AC-4C195B75555E} = {64D25DC6-A393-453E-9968-A694D6FDEDE9}
		{F0BE13A8-06E2-4798-9DCA-C8834E2F48F9} = {B1CA2FEE-32D3-402D-B7AC-4C195B75555E}
		{8208ADF4-E080-4E72-B036-64CC30829EB1} = {64D25DC6-A393-453E-9968-A694D6FDEDE9}
		{DBEA2F3D-86BA-4787-95A0-59F27830C89F} = {8208ADF4-E080-4E72-B036-64CC30829EB1}
		{A662D1D4-7B75-4BDB-BFE1-130CD8401B69} = {48F08DCE-6D57-4DFB-8A7C-9FEFF564DD34}
		{E4C1C98F-C962-4D34-8158-AC06A8336EAC} = {48F08DCE-6D57-4DFB-8A7C-9FEFF564DD34}
		{9A721C9C-8707-47DF-9924-28DF692E0D31} = {A662D1D4-7B75-4BDB-BFE1-130CD8401B69}
		{06DA2BD1-89F8-4863-86B4-8ABF238FDCCA} = {E4C1C98F-C962-4D34-8158-AC06A8336EAC}
		{D9768B2E-ECB4-4EA5-AAB3-BC5EA4230B77} = {E4C1C98F-C962-4D34-8158-AC06A8336EAC}
	EndGlobalSection
	GlobalSection(ExtensibilityGlobals) = postSolution
		SolutionGuid = {042BA9D6-AAE6-4020-97E4-E4E219E6C9C9}
	EndGlobalSection
EndGlobal
